
Microsoft Visual Studio Solution File, Format Version 12.00
# Visual Studio Version 17
VisualStudioVersion = 17.3.32811.315
MinimumVisualStudioVersion = 10.0.40219.1
Project("{FAE04EC0-301F-11D3-BF4B-00C04F79EFBC}") = "BingoGame.Client", "BingoGame\BingoGame.Client.csproj", "{BDC3C23A-92BA-48A1-B346-0006AF40A37B}"
EndProject
Project("{FAE04EC0-301F-11D3-BF4B-00C04F79EFBC}") = "BingoGame.Core", "BingoGame.Core\BingoGame.Core.csproj", "{CE75744D-87CE-4AC9-A508-C6A708E230D0}"
EndProject
Global
	GlobalSection(SolutionConfigurationPlatforms) = preSolution
		Debug|Any CPU = Debug|Any CPU
		Release|Any CPU = Release|Any CPU
	EndGlobalSection
	GlobalSection(ProjectConfigurationPlatforms) = postSolution
		{BDC3C23A-92BA-48A1-B346-0006AF40A37B}.Debug|Any CPU.ActiveCfg = Debug|Any CPU
		{BDC3C23A-92BA-48A1-B346-0006AF40A37B}.Debug|Any CPU.Build.0 = Debug|Any CPU
		{BDC3C23A-92BA-48A1-B346-0006AF40A37B}.Release|Any CPU.ActiveCfg = Release|Any CPU
		{BDC3C23A-92BA-48A1-B346-0006AF40A37B}.Release|Any CPU.Build.0 = Release|Any CPU
		{CE75744D-87CE-4AC9-A508-C6A708E230D0}.Debug|Any CPU.ActiveCfg = Debug|Any CPU
		{CE75744D-87CE-4AC9-A508-C6A708E230D0}.Debug|Any CPU.Build.0 = Debug|Any CPU
		{CE75744D-87CE-4AC9-A508-C6A708E230D0}.Release|Any CPU.ActiveCfg = Release|Any CPU
		{CE75744D-87CE-4AC9-A508-C6A708E230D0}.Release|Any CPU.Build.0 = Release|Any CPU
	EndGlobalSection
	GlobalSection(SolutionProperties) = preSolution
		HideSolutionNode = FALSE
	EndGlobalSection
	GlobalSection(ExtensibilityGlobals) = postSolution
		SolutionGuid = {AB50EAB9-D9B7-4463-8D8A-3F7E960E5895}
	EndGlobalSection
EndGlobal
